
Microsoft Visual Studio Solution File, Format Version 12.00
# Visual Studio Version 17
VisualStudioVersion = 17.0.31903.59
MinimumVisualStudioVersion = 10.0.40219.1
Project("{FAE04EC0-301F-11D3-BF4B-00C04F79EFBC}") = "WebApplication1", "WebApplication1\WebApplication1.csproj", "{57560FC4-E684-4007-ADD9-2A7A2A7726DC}"
EndProject
Global
	GlobalSection(SolutionConfigurationPlatforms) = preSolution
		Debug|Any CPU = Debug|Any CPU
		Release|Any CPU = Release|Any CPU
	EndGlobalSection
	GlobalSection(ProjectConfigurationPlatforms) = postSolution
		{57560FC4-E684-4007-ADD9-2A7A2A7726DC}.Debug|Any CPU.ActiveCfg = Debug|Any CPU
		{57560FC4-E684-4007-ADD9-2A7A2A7726DC}.Debug|Any CPU.Build.0 = Debug|Any CPU
		{57560FC4-E684-4007-ADD9-2A7A2A7726DC}.Release|Any CPU.ActiveCfg = Release|Any CPU
		{57560FC4-E684-4007-ADD9-2A7A2A7726DC}.Release|Any CPU.Build.0 = Release|Any CPU
	EndGlobalSection
	GlobalSection(SolutionProperties) = preSolution
		HideSolutionNode = FALSE
	EndGlobalSection
	GlobalSection(ExtensibilityGlobals) = postSolution
		SolutionGuid = {EB2A6CA3-41A8-4CD7-AD8A-1EF6F7546EF5}
	EndGlobalSection
EndGlobal
